# This file is automatically @generated by Cargo.
# It is not intended for manual editing.
version = 4

[[package]]
name = "clear"
version = "0.1.0"
dependencies = [
 "mommylib",
]

[[package]]
name = "echo"
version = "0.1.0"
dependencies = [
 "mommylib",
]

[[package]]
name = "hello"
version = "0.1.0"
dependencies = [
 "mommylib",
]

[[package]]
name = "ls"
version = "0.1.0"
dependencies = [
 "mommylib",
]

[[package]]
name = "mommylib"
version = "0.1.0"

[[package]]
name = "packer"
version = "0.1.0"

[[package]]
name = "reboot"
version = "0.1.0"
dependencies = [
 "mommylib",
]

[[package]]
name = "shutdown"
version = "0.1.0"
dependencies = [
 "mommylib",
]
